# THIS IS AN AUTOGENERATED FILE. DO NOT EDIT THIS FILE DIRECTLY.
# yarn lockfile v1


web-vitals@^2.0.1:
  version "2.0.1"
  resolved "https://registry.yarnpkg.com/web-vitals/-/web-vitals-2.0.1.tgz#d122720bd9c8dd69792b19c0f6ab0346861a880f"
  integrity sha512-niqKyp2T6xF9EzSi+xx+V6qitE0YfagzfUmDAa9qeCrIVeyfzQQ85Uy0ykeRlEVDCCqkhYccoUunNf9ZIQcvtA==
