# THIS IS AN AUTOGENERATED FILE. DO NOT EDIT THIS FILE DIRECTLY.
# yarn lockfile v1


web-vitals@^1.1.1:
  version "1.1.1"
  resolved "https://registry.yarnpkg.com/web-vitals/-/web-vitals-1.1.1.tgz#2df535e3355fb7fbe34787b44b736e270e539377"
  integrity sha512-jYOaqu01Ny1NvMwJ3dBJDUOJ2PGWknZWH4AUnvFOscvbdHMERIKT2TlgiAey5rVyfOePG7so2JcXXZdSnBvioQ==
