# THIS IS AN AUTOGENERATED FILE. DO NOT EDIT THIS FILE DIRECTLY.
# yarn lockfile v1


web-vitals@^2.1.2:
  version "2.1.2"
  resolved "https://registry.yarnpkg.com/web-vitals/-/web-vitals-2.1.2.tgz#3a6c8faebf9097a6ccd17f5f45c9485d8d62dab1"
  integrity sha512-nZnEH8dj+vJFqCRYdvYv0a59iLXsb8jJkt+xvXfwgnkyPdsSLtKNlYmtTDiHmTNGXeSXtpjTTUcNvFtrAk6VMQ==
